
Microsoft Visual Studio Solution File, Format Version 12.00
# Visual Studio Version 16
VisualStudioVersion = 16.0.30611.23
MinimumVisualStudioVersion = 10.0.40219.1
Project("{FAE04EC0-301F-11D3-BF4B-00C04F79EFBC}") = "AudioSnippingTool", "AudioSnippingTool\AudioSnippingTool.csproj", "{7874D3C7-BEA9-4104-8F67-4FCAB9E740D5}"
EndProject
Global
	GlobalSection(SolutionConfigurationPlatforms) = preSolution
		Debug|Any CPU = Debug|Any CPU
		Release|Any CPU = Release|Any CPU
	EndGlobalSection
	GlobalSection(ProjectConfigurationPlatforms) = postSolution
		{7874D3C7-BEA9-4104-8F67-4FCAB9E740D5}.Debug|Any CPU.ActiveCfg = Debug|Any CPU
		{7874D3C7-BEA9-4104-8F67-4FCAB9E740D5}.Debug|Any CPU.Build.0 = Debug|Any CPU
		{7874D3C7-BEA9-4104-8F67-4FCAB9E740D5}.Release|Any CPU.ActiveCfg = Release|Any CPU
		{7874D3C7-BEA9-4104-8F67-4FCAB9E740D5}.Release|Any CPU.Build.0 = Release|Any CPU
	EndGlobalSection
	GlobalSection(SolutionProperties) = preSolution
		HideSolutionNode = FALSE
	EndGlobalSection
	GlobalSection(ExtensibilityGlobals) = postSolution
		SolutionGuid = {63C3FC2F-56A0-40D8-B951-817A7F50333E}
	EndGlobalSection
EndGlobal
